
Microsoft Visual Studio Solution File, Format Version 12.00
Project("{2150E333-8FDC-42A3-9474-1A3956D46DE8}") = "SolutionItems", "SolutionItems", "{BC0A5B45-2FCE-4981-BAC1-BA4561422808}"
	ProjectSection(SolutionItems) = preProject
		.gitignore = .gitignore
		.github\workflows\build-images.yml = .github\workflows\build-images.yml
		.github\workflows\dotnet-test.yml = .github\workflows\dotnet-test.yml
	EndProjectSection
EndProject
Project("{2150E333-8FDC-42A3-9474-1A3956D46DE8}") = "src", "src", "{9B5C64C1-9997-4505-8FB6-9826A041AFD2}"
EndProject
Project("{2150E333-8FDC-42A3-9474-1A3956D46DE8}") = "Test", "Test", "{8E21E2AB-E6AB-4D29-A264-71F08BE8EA7F}"
EndProject
Project("{FAE04EC0-301F-11D3-BF4B-00C04F79EFBC}") = "Social.API", "Social.API\Social.API.csproj", "{B71474D6-5657-4638-B21D-C169E2318819}"
EndProject
Project("{FAE04EC0-301F-11D3-BF4B-00C04F79EFBC}") = "Social.Application", "Social.Application\Social.Application.csproj", "{69164F7B-65E6-4165-BF99-6984EAA29469}"
EndProject
Project("{FAE04EC0-301F-11D3-BF4B-00C04F79EFBC}") = "Social.Infrastructure", "Social.Infrastructure\Social.Infrastructure.csproj", "{E1394983-8C5A-414D-AA07-764C2AE33054}"
EndProject
Project("{FAE04EC0-301F-11D3-BF4B-00C04F79EFBC}") = "Social.Test.Architecture", "Social.Test.Architecture\Social.Test.Architecture.csproj", "{F9DBD6BB-793F-49A1-8DCB-14122B41B435}"
EndProject
Project("{FAE04EC0-301F-11D3-BF4B-00C04F79EFBC}") = "Social.Test.Integration", "Social.Test.Integration\Social.Test.Integration.csproj", "{804CA16A-7F52-4686-A90B-0071E86BCE45}"
EndProject
Project("{FAE04EC0-301F-11D3-BF4B-00C04F79EFBC}") = "Social.Domain", "Social.Domain\Social.Domain.csproj", "{1E6F534E-232E-43EB-AD55-E5906D2E994C}"
EndProject
Project("{FAE04EC0-301F-11D3-BF4B-00C04F79EFBC}") = "Social.Test.Unit", "Social.Test.Unit\Social.Test.Unit.csproj", "{C6C12BAE-3C25-477B-A096-E15AA57C85FC}"
EndProject
Global
	GlobalSection(SolutionConfigurationPlatforms) = preSolution
		Debug|Any CPU = Debug|Any CPU
		Release|Any CPU = Release|Any CPU
	EndGlobalSection
	GlobalSection(ProjectConfigurationPlatforms) = postSolution
		{B71474D6-5657-4638-B21D-C169E2318819}.Debug|Any CPU.ActiveCfg = Debug|Any CPU
		{B71474D6-5657-4638-B21D-C169E2318819}.Debug|Any CPU.Build.0 = Debug|Any CPU
		{B71474D6-5657-4638-B21D-C169E2318819}.Release|Any CPU.ActiveCfg = Release|Any CPU
		{B71474D6-5657-4638-B21D-C169E2318819}.Release|Any CPU.Build.0 = Release|Any CPU
		{69164F7B-65E6-4165-BF99-6984EAA29469}.Debug|Any CPU.ActiveCfg = Debug|Any CPU
		{69164F7B-65E6-4165-BF99-6984EAA29469}.Debug|Any CPU.Build.0 = Debug|Any CPU
		{69164F7B-65E6-4165-BF99-6984EAA29469}.Release|Any CPU.ActiveCfg = Release|Any CPU
		{69164F7B-65E6-4165-BF99-6984EAA29469}.Release|Any CPU.Build.0 = Release|Any CPU
		{E1394983-8C5A-414D-AA07-764C2AE33054}.Debug|Any CPU.ActiveCfg = Debug|Any CPU
		{E1394983-8C5A-414D-AA07-764C2AE33054}.Debug|Any CPU.Build.0 = Debug|Any CPU
		{E1394983-8C5A-414D-AA07-764C2AE33054}.Release|Any CPU.ActiveCfg = Release|Any CPU
		{E1394983-8C5A-414D-AA07-764C2AE33054}.Release|Any CPU.Build.0 = Release|Any CPU
		{F9DBD6BB-793F-49A1-8DCB-14122B41B435}.Debug|Any CPU.ActiveCfg = Debug|Any CPU
		{F9DBD6BB-793F-49A1-8DCB-14122B41B435}.Debug|Any CPU.Build.0 = Debug|Any CPU
		{F9DBD6BB-793F-49A1-8DCB-14122B41B435}.Release|Any CPU.ActiveCfg = Release|Any CPU
		{F9DBD6BB-793F-49A1-8DCB-14122B41B435}.Release|Any CPU.Build.0 = Release|Any CPU
		{804CA16A-7F52-4686-A90B-0071E86BCE45}.Debug|Any CPU.ActiveCfg = Debug|Any CPU
		{804CA16A-7F52-4686-A90B-0071E86BCE45}.Debug|Any CPU.Build.0 = Debug|Any CPU
		{804CA16A-7F52-4686-A90B-0071E86BCE45}.Release|Any CPU.ActiveCfg = Release|Any CPU
		{804CA16A-7F52-4686-A90B-0071E86BCE45}.Release|Any CPU.Build.0 = Release|Any CPU
		{1E6F534E-232E-43EB-AD55-E5906D2E994C}.Debug|Any CPU.ActiveCfg = Debug|Any CPU
		{1E6F534E-232E-43EB-AD55-E5906D2E994C}.Debug|Any CPU.Build.0 = Debug|Any CPU
		{1E6F534E-232E-43EB-AD55-E5906D2E994C}.Release|Any CPU.ActiveCfg = Release|Any CPU
		{1E6F534E-232E-43EB-AD55-E5906D2E994C}.Release|Any CPU.Build.0 = Release|Any CPU
		{C6C12BAE-3C25-477B-A096-E15AA57C85FC}.Debug|Any CPU.ActiveCfg = Debug|Any CPU
		{C6C12BAE-3C25-477B-A096-E15AA57C85FC}.Debug|Any CPU.Build.0 = Debug|Any CPU
		{C6C12BAE-3C25-477B-A096-E15AA57C85FC}.Release|Any CPU.ActiveCfg = Release|Any CPU
		{C6C12BAE-3C25-477B-A096-E15AA57C85FC}.Release|Any CPU.Build.0 = Release|Any CPU
	EndGlobalSection
	GlobalSection(NestedProjects) = preSolution
		{B71474D6-5657-4638-B21D-C169E2318819} = {9B5C64C1-9997-4505-8FB6-9826A041AFD2}
		{69164F7B-65E6-4165-BF99-6984EAA29469} = {9B5C64C1-9997-4505-8FB6-9826A041AFD2}
		{E1394983-8C5A-414D-AA07-764C2AE33054} = {9B5C64C1-9997-4505-8FB6-9826A041AFD2}
		{F9DBD6BB-793F-49A1-8DCB-14122B41B435} = {8E21E2AB-E6AB-4D29-A264-71F08BE8EA7F}
		{804CA16A-7F52-4686-A90B-0071E86BCE45} = {8E21E2AB-E6AB-4D29-A264-71F08BE8EA7F}
		{1E6F534E-232E-43EB-AD55-E5906D2E994C} = {9B5C64C1-9997-4505-8FB6-9826A041AFD2}
		{C6C12BAE-3C25-477B-A096-E15AA57C85FC} = {8E21E2AB-E6AB-4D29-A264-71F08BE8EA7F}
	EndGlobalSection
EndGlobal
